<Solution>
  <Folder Name="/dataset/">
    <File Path="dataset/basic-multiple.log" />
    <File Path="dataset/basic.log" />
    <File Path="dataset/gen.py" />
  </Folder>
  <Project Path="ConsoleTest/ConsoleTest.csproj" Id="11187506-c3c1-4c3d-9e72-2b01def016ec" />
  <Project Path="LogParser/LogParser.csproj" Id="7aadd0d2-0829-4b5b-875c-4d49394f1a8e" />
  <Project Path="test-00-prepare/test-00-prepare.csproj" />
  <Project Path="test-01-basic/test-01-basic.csproj" Id="3258a742-56c9-4e9f-9963-13d36686b139" />
  <Project Path="TestUtils/TestUtils.csproj" Id="66bda0a1-510c-4f93-b4d6-d6eeb0855347" />
</Solution>
